// !$*UTF8*$!
{
	archiveVersion = 1;
	classes = {
	};
	objectVersion = 48;
	objects = {

/* Begin PBXBuildFile section */
		38D0BBE4203001A800CC893F /* AppDelegate.swift in Sources */ = {isa = PBXBuildFile; fileRef = 38D0BBE3203001A800CC893F /* AppDelegate.swift */; };
		38D0BBEB203001A800CC893F /* Assets.xcassets in Resources */ = {isa = PBXBuildFile; fileRef = 38D0BBEA203001A800CC893F /* Assets.xcassets */; };
		38D0BBF72030051600CC893F /* CountryTableViewController.swift in Sources */ = {isa = PBXBuildFile; fileRef = 38D0BBF62030051600CC893F /* CountryTableViewController.swift */; };
		38D0BBFC203005E500CC893F /* NetworkManager.m in Sources */ = {isa = PBXBuildFile; fileRef = 38D0BBFB203005E500CC893F /* NetworkManager.m */; };
		38D0BC02203007E800CC893F /* MTLCountry.m in Sources */ = {isa = PBXBuildFile; fileRef = 38D0BBFE203007E700CC893F /* MTLCountry.m */; };
		38D0BC03203007E800CC893F /* MTLCountryContent.m in Sources */ = {isa = PBXBuildFile; fileRef = 38D0BBFF203007E700CC893F /* MTLCountryContent.m */; };
		38D0BC06203008AE00CC893F /* ContentCell.swift in Sources */ = {isa = PBXBuildFile; fileRef = 38D0BC05203008AE00CC893F /* ContentCell.swift */; };
		CBF830DB4C5D5BC21A7B86D1 /* Pods_CountryDemo.framework in Frameworks */ = {isa = PBXBuildFile; fileRef = 6E26D6AF770F133C0FD8EE39 /* Pods_CountryDemo.framework */; };
/* End PBXBuildFile section */

/* Begin PBXFileReference section */
		38D0BBE0203001A800CC893F /* CountryDemo.app */ = {isa = PBXFileReference; explicitFileType = wrapper.application; includeInIndex = 0; path = CountryDemo.app; sourceTree = BUILT_PRODUCTS_DIR; };
		38D0BBE3203001A800CC893F /* AppDelegate.swift */ = {isa = PBXFileReference; lastKnownFileType = sourcecode.swift; path = AppDelegate.swift; sourceTree = "<group>"; };
		38D0BBEA203001A800CC893F /* Assets.xcassets */ = {isa = PBXFileReference; lastKnownFileType = folder.assetcatalog; path = Assets.xcassets; sourceTree = "<group>"; };
		38D0BBEF203001A800CC893F /* Info.plist */ = {isa = PBXFileReference; lastKnownFileType = text.plist.xml; path = Info.plist; sourceTree = "<group>"; };
		38D0BBF62030051600CC893F /* CountryTableViewController.swift */ = {isa = PBXFileReference; fileEncoding = 4; lastKnownFileType = sourcecode.swift; path = CountryTableViewController.swift; sourceTree = "<group>"; };
		38D0BBF9203005E400CC893F /* CountryDemo-Bridging-Header.h */ = {isa = PBXFileReference; lastKnownFileType = sourcecode.c.h; path = "CountryDemo-Bridging-Header.h"; sourceTree = "<group>"; };
		38D0BBFA203005E500CC893F /* NetworkManager.h */ = {isa = PBXFileReference; fileEncoding = 4; lastKnownFileType = sourcecode.c.h; path = NetworkManager.h; sourceTree = "<group>"; };
		38D0BBFB203005E500CC893F /* NetworkManager.m */ = {isa = PBXFileReference; fileEncoding = 4; lastKnownFileType = sourcecode.c.objc; path = NetworkManager.m; sourceTree = "<group>"; };
		38D0BBFE203007E700CC893F /* MTLCountry.m */ = {isa = PBXFileReference; fileEncoding = 4; lastKnownFileType = sourcecode.c.objc; path = MTLCountry.m; sourceTree = "<group>"; };
		38D0BBFF203007E700CC893F /* MTLCountryContent.m */ = {isa = PBXFileReference; fileEncoding = 4; lastKnownFileType = sourcecode.c.objc; path = MTLCountryContent.m; sourceTree = "<group>"; };
		38D0BC00203007E800CC893F /* MTLCountryContent.h */ = {isa = PBXFileReference; fileEncoding = 4; lastKnownFileType = sourcecode.c.h; path = MTLCountryContent.h; sourceTree = "<group>"; };
		38D0BC01203007E800CC893F /* MTLCountry.h */ = {isa = PBXFileReference; fileEncoding = 4; lastKnownFileType = sourcecode.c.h; path = MTLCountry.h; sourceTree = "<group>"; };
		38D0BC05203008AE00CC893F /* ContentCell.swift */ = {isa = PBXFileReference; fileEncoding = 4; lastKnownFileType = sourcecode.swift; path = ContentCell.swift; sourceTree = "<group>"; };
		49F1F9AD73FDD9E8F4072376 /* Pods-CountryDemo.release.xcconfig */ = {isa = PBXFileReference; includeInIndex = 1; lastKnownFileType = text.xcconfig; name = "Pods-CountryDemo.release.xcconfig"; path = "Pods/Target Support Files/Pods-CountryDemo/Pods-CountryDemo.release.xcconfig"; sourceTree = "<group>"; };
		6E26D6AF770F133C0FD8EE39 /* Pods_CountryDemo.framework */ = {isa = PBXFileReference; explicitFileType = wrapper.framework; includeInIndex = 0; path = Pods_CountryDemo.framework; sourceTree = BUILT_PRODUCTS_DIR; };
		9CC3B40D83D0E36ECC9730B7 /* Pods-CountryDemo.debug.xcconfig */ = {isa = PBXFileReference; includeInIndex = 1; lastKnownFileType = text.xcconfig; name = "Pods-CountryDemo.debug.xcconfig"; path = "Pods/Target Support Files/Pods-CountryDemo/Pods-CountryDemo.debug.xcconfig"; sourceTree = "<group>"; };
/* End PBXFileReference section */

/* Begin PBXFrameworksBuildPhase section */
		38D0BBDD203001A800CC893F /* Frameworks */ = {
			isa = PBXFrameworksBuildPhase;
			buildActionMask = 2147483647;
			files = (
				CBF830DB4C5D5BC21A7B86D1 /* Pods_CountryDemo.framework in Frameworks */,
			);
			runOnlyForDeploymentPostprocessing = 0;
		};
/* End PBXFrameworksBuildPhase section */

/* Begin PBXGroup section */
		1EC936E5FC8296817BC3A506 /* Pods */ = {
			isa = PBXGroup;
			children = (
				9CC3B40D83D0E36ECC9730B7 /* Pods-CountryDemo.debug.xcconfig */,
				49F1F9AD73FDD9E8F4072376 /* Pods-CountryDemo.release.xcconfig */,
			);
			name = Pods;
			sourceTree = "<group>";
		};
		38D0BBD7203001A800CC893F = {
			isa = PBXGroup;
			children = (
				38D0BBE2203001A800CC893F /* CountryDemo */,
				38D0BBE1203001A800CC893F /* Products */,
				1EC936E5FC8296817BC3A506 /* Pods */,
				7D9054717769229083D7047A /* Frameworks */,
			);
			sourceTree = "<group>";
		};
		38D0BBE1203001A800CC893F /* Products */ = {
			isa = PBXGroup;
			children = (
				38D0BBE0203001A800CC893F /* CountryDemo.app */,
			);
			name = Products;
			sourceTree = "<group>";
		};
		38D0BBE2203001A800CC893F /* CountryDemo */ = {
			isa = PBXGroup;
			children = (
				38D0BC07203008B200CC893F /* Views */,
				38D0BC04203007EC00CC893F /* Models */,
				38D0BBFD203005EA00CC893F /* Managers */,
				38D0BBF82030051B00CC893F /* Controllers */,
				38D0BBF5203004BD00CC893F /* Supporting Files */,
				38D0BBF9203005E400CC893F /* CountryDemo-Bridging-Header.h */,
			);
			path = CountryDemo;
			sourceTree = "<group>";
		};
		38D0BBF5203004BD00CC893F /* Supporting Files */ = {
			isa = PBXGroup;
			children = (
				38D0BBE3203001A800CC893F /* AppDelegate.swift */,
				38D0BBEA203001A800CC893F /* Assets.xcassets */,
				38D0BBEF203001A800CC893F /* Info.plist */,
			);
			path = "Supporting Files";
			sourceTree = "<group>";
		};
		38D0BBF82030051B00CC893F /* Controllers */ = {
			isa = PBXGroup;
			children = (
				38D0BBF62030051600CC893F /* CountryTableViewController.swift */,
			);
			path = Controllers;
			sourceTree = "<group>";
		};
		38D0BBFD203005EA00CC893F /* Managers */ = {
			isa = PBXGroup;
			children = (
				38D0BBFA203005E500CC893F /* NetworkManager.h */,
				38D0BBFB203005E500CC893F /* NetworkManager.m */,
			);
			path = Managers;
			sourceTree = "<group>";
		};
		38D0BC04203007EC00CC893F /* Models */ = {
			isa = PBXGroup;
			children = (
				38D0BC01203007E800CC893F /* MTLCountry.h */,
				38D0BBFE203007E700CC893F /* MTLCountry.m */,
				38D0BC00203007E800CC893F /* MTLCountryContent.h */,
				38D0BBFF203007E700CC893F /* MTLCountryContent.m */,
			);
			path = Models;
			sourceTree = "<group>";
		};
		38D0BC07203008B200CC893F /* Views */ = {
			isa = PBXGroup;
			children = (
				38D0BC05203008AE00CC893F /* ContentCell.swift */,
			);
			path = Views;
			sourceTree = "<group>";
		};
		7D9054717769229083D7047A /* Frameworks */ = {
			isa = PBXGroup;
			children = (
				6E26D6AF770F133C0FD8EE39 /* Pods_CountryDemo.framework */,
			);
			name = Frameworks;
			sourceTree = "<group>";
		};
/* End PBXGroup section */

/* Begin PBXNativeTarget section */
		38D0BBDF203001A800CC893F /* CountryDemo */ = {
			isa = PBXNativeTarget;
			buildConfigurationList = 38D0BBF2203001A800CC893F /* Build configuration list for PBXNativeTarget "CountryDemo" */;
			buildPhases = (
				AAC62887E9F8F22C329BF18A /* [CP] Check Pods Manifest.lock */,
				38D0BBDC203001A800CC893F /* Sources */,
				38D0BBDD203001A800CC893F /* Frameworks */,
				38D0BBDE203001A800CC893F /* Resources */,
				6FB08A3B4215E37187532B43 /* [CP] Embed Pods Frameworks */,
				8CACB2A821DE7762A9C566E7 /* [CP] Copy Pods Resources */,
			);
			buildRules = (
			);
			dependencies = (
			);
			name = CountryDemo;
			productName = CountryDemo;
			productReference = 38D0BBE0203001A800CC893F /* CountryDemo.app */;
			productType = "com.apple.product-type.application";
		};
/* End PBXNativeTarget section */

/* Begin PBXProject section */
		38D0BBD8203001A800CC893F /* Project object */ = {
			isa = PBXProject;
			attributes = {
				LastSwiftUpdateCheck = 0920;
				LastUpgradeCheck = 0920;
				ORGANIZATIONNAME = "Bo Lin";
				TargetAttributes = {
					38D0BBDF203001A800CC893F = {
						CreatedOnToolsVersion = 9.2;
						LastSwiftMigration = 0920;
						ProvisioningStyle = Automatic;
					};
				};
			};
			buildConfigurationList = 38D0BBDB203001A800CC893F /* Build configuration list for PBXProject "CountryDemo" */;
			compatibilityVersion = "Xcode 8.0";
			developmentRegion = en;
			hasScannedForEncodings = 0;
			knownRegions = (
				en,
				Base,
			);
			mainGroup = 38D0BBD7203001A800CC893F;
			productRefGroup = 38D0BBE1203001A800CC893F /* Products */;
			projectDirPath = "";
			projectRoot = "";
			targets = (
				38D0BBDF203001A800CC893F /* CountryDemo */,
			);
		};
/* End PBXProject section */

/* Begin PBXResourcesBuildPhase section */
		38D0BBDE203001A800CC893F /* Resources */ = {
			isa = PBXResourcesBuildPhase;
			buildActionMask = 2147483647;
			files = (
				38D0BBEB203001A800CC893F /* Assets.xcassets in Resources */,
			);
			runOnlyForDeploymentPostprocessing = 0;
		};
/* End PBXResourcesBuildPhase section */

/* Begin PBXShellScriptBuildPhase section */
		6FB08A3B4215E37187532B43 /* [CP] Embed Pods Frameworks */ = {
			isa = PBXShellScriptBuildPhase;
			buildActionMask = 2147483647;
			files = (
			);
			inputPaths = (
				"${SRCROOT}/Pods/Target Support Files/Pods-CountryDemo/Pods-CountryDemo-frameworks.sh",
				"${BUILT_PRODUCTS_DIR}/Kingfisher/Kingfisher.framework",
				"${BUILT_PRODUCTS_DIR}/Mantle/Mantle.framework",
				"${BUILT_PRODUCTS_DIR}/SnapKit/SnapKit.framework",
			);
			name = "[CP] Embed Pods Frameworks";
			outputPaths = (
				"${TARGET_BUILD_DIR}/${FRAMEWORKS_FOLDER_PATH}/Kingfisher.framework",
				"${TARGET_BUILD_DIR}/${FRAMEWORKS_FOLDER_PATH}/Mantle.framework",
				"${TARGET_BUILD_DIR}/${FRAMEWORKS_FOLDER_PATH}/SnapKit.framework",
			);
			runOnlyForDeploymentPostprocessing = 0;
			shellPath = /bin/sh;
			shellScript = "\"${SRCROOT}/Pods/Target Support Files/Pods-CountryDemo/Pods-CountryDemo-frameworks.sh\"\n";
			showEnvVarsInLog = 0;
		};
		8CACB2A821DE7762A9C566E7 /* [CP] Copy Pods Resources */ = {
			isa = PBXShellScriptBuildPhase;
			buildActionMask = 2147483647;
			files = (
			);
			inputPaths = (
			);
			name = "[CP] Copy Pods Resources";
			outputPaths = (
			);
			runOnlyForDeploymentPostprocessing = 0;
			shellPath = /bin/sh;
			shellScript = "\"${SRCROOT}/Pods/Target Support Files/Pods-CountryDemo/Pods-CountryDemo-resources.sh\"\n";
			showEnvVarsInLog = 0;
		};
		AAC62887E9F8F22C329BF18A /* [CP] Check Pods Manifest.lock */ = {
			isa = PBXShellScriptBuildPhase;
			buildActionMask = 2147483647;
			files = (
			);
			inputPaths = (
				"${PODS_PODFILE_DIR_PATH}/Podfile.lock",
				"${PODS_ROOT}/Manifest.lock",
			);
			name = "[CP] Check Pods Manifest.lock";
			outputPaths = (
				"$(DERIVED_FILE_DIR)/Pods-CountryDemo-checkManifestLockResult.txt",
			);
			runOnlyForDeploymentPostprocessing = 0;
			shellPath = /bin/sh;
			shellScript = "diff \"${PODS_PODFILE_DIR_PATH}/Podfile.lock\" \"${PODS_ROOT}/Manifest.lock\" > /dev/null\nif [ $? != 0 ] ; then\n    # print error to STDERR\n    echo \"error: The sandbox is not in sync with the Podfile.lock. Run 'pod install' or update your CocoaPods installation.\" >&2\n    exit 1\nfi\n# This output is used by Xcode 'outputs' to avoid re-running this script phase.\necho \"SUCCESS\" > \"${SCRIPT_OUTPUT_FILE_0}\"\n";
			showEnvVarsInLog = 0;
		};
/* End PBXShellScriptBuildPhase section */

/* Begin PBXSourcesBuildPhase section */
		38D0BBDC203001A800CC893F /* Sources */ = {
			isa = PBXSourcesBuildPhase;
			buildActionMask = 2147483647;
			files = (
				38D0BC02203007E800CC893F /* MTLCountry.m in Sources */,
				38D0BBF72030051600CC893F /* CountryTableViewController.swift in Sources */,
				38D0BBFC203005E500CC893F /* NetworkManager.m in Sources */,
				38D0BC06203008AE00CC893F /* ContentCell.swift in Sources */,
				38D0BC03203007E800CC893F /* MTLCountryContent.m in Sources */,
				38D0BBE4203001A800CC893F /* AppDelegate.swift in Sources */,
			);
			runOnlyForDeploymentPostprocessing = 0;
		};
/* End PBXSourcesBuildPhase section */

/* Begin XCBuildConfiguration section */
		38D0BBF0203001A800CC893F /* Debug */ = {
			isa = XCBuildConfiguration;
			buildSettings = {
				ALWAYS_SEARCH_USER_PATHS = NO;
				CLANG_ANALYZER_NONNULL = YES;
				CLANG_ANALYZER_NUMBER_OBJECT_CONVERSION = YES_AGGRESSIVE;
				CLANG_CXX_LANGUAGE_STANDARD = "gnu++14";
				CLANG_CXX_LIBRARY = "libc++";
				CLANG_ENABLE_MODULES = YES;
				CLANG_ENABLE_OBJC_ARC = YES;
				CLANG_WARN_BLOCK_CAPTURE_AUTORELEASING = YES;
				CLANG_WARN_BOOL_CONVERSION = YES;
				CLANG_WARN_COMMA = YES;
				CLANG_WARN_CONSTANT_CONVERSION = YES;
				CLANG_WARN_DIRECT_OBJC_ISA_USAGE = YES_ERROR;
				CLANG_WARN_DOCUMENTATION_COMMENTS = YES;
				CLANG_WARN_EMPTY_BODY = YES;
				CLANG_WARN_ENUM_CONVERSION = YES;
				CLANG_WARN_INFINITE_RECURSION = YES;
				CLANG_WARN_INT_CONVERSION = YES;
				CLANG_WARN_NON_LITERAL_NULL_CONVERSION = YES;
				CLANG_WARN_OBJC_LITERAL_CONVERSION = YES;
				CLANG_WARN_OBJC_ROOT_CLASS = YES_ERROR;
				CLANG_WARN_RANGE_LOOP_ANALYSIS = YES;
				CLANG_WARN_STRICT_PROTOTYPES = YES;
				CLANG_WARN_SUSPICIOUS_MOVE = YES;
				CLANG_WARN_UNGUARDED_AVAILABILITY = YES_AGGRESSIVE;
				CLANG_WARN_UNREACHABLE_CODE = YES;
				CLANG_WARN__DUPLICATE_METHOD_MATCH = YES;
				CODE_SIGN_IDENTITY = "iPhone Developer";
				COPY_PHASE_STRIP = NO;
				DEBUG_INFORMATION_FORMAT = dwarf;
				ENABLE_STRICT_OBJC_MSGSEND = YES;
				ENABLE_TESTABILITY = YES;
				GCC_C_LANGUAGE_STANDARD = gnu11;
				GCC_DYNAMIC_NO_PIC = NO;
				GCC_NO_COMMON_BLOCKS = YES;
				GCC_OPTIMIZATION_LEVEL = 0;
				GCC_PREPROCESSOR_DEFINITIONS = (
					"DEBUG=1",
					"$(inherited)",
				);
				GCC_WARN_64_TO_32_BIT_CONVERSION = YES;
				GCC_WARN_ABOUT_RETURN_TYPE = YES_ERROR;
				GCC_WARN_UNDECLARED_SELECTOR = YES;
				GCC_WARN_UNINITIALIZED_AUTOS = YES_AGGRESSIVE;
				GCC_WARN_UNUSED_FUNCTION = YES;
				GCC_WARN_UNUSED_VARIABLE = YES;
				IPHONEOS_DEPLOYMENT_TARGET = 8.0;
				MTL_ENABLE_DEBUG_INFO = YES;
				ONLY_ACTIVE_ARCH = YES;
				SDKROOT = iphoneos;
				SWIFT_ACTIVE_COMPILATION_CONDITIONS = DEBUG;
				SWIFT_OPTIMIZATION_LEVEL = "-Onone";
			};
			name = Debug;
		};
		38D0BBF1203001A800CC893F /* Release */ = {
			isa = XCBuildConfiguration;
			buildSettings = {
				ALWAYS_SEARCH_USER_PATHS = NO;
				CLANG_ANALYZER_NONNULL = YES;
				CLANG_ANALYZER_NUMBER_OBJECT_CONVERSION = YES_AGGRESSIVE;
				CLANG_CXX_LANGUAGE_STANDARD = "gnu++14";
				CLANG_CXX_LIBRARY = "libc++";
				CLANG_ENABLE_MODULES = YES;
				CLANG_ENABLE_OBJC_ARC = YES;
				CLANG_WARN_BLOCK_CAPTURE_AUTORELEASING = YES;
				CLANG_WARN_BOOL_CONVERSION = YES;
				CLANG_WARN_COMMA = YES;
				CLANG_WARN_CONSTANT_CONVERSION = YES;
				CLANG_WARN_DIRECT_OBJC_ISA_USAGE = YES_ERROR;
				CLANG_WARN_DOCUMENTATION_COMMENTS = YES;
				CLANG_WARN_EMPTY_BODY = YES;
				CLANG_WARN_ENUM_CONVERSION = YES;
				CLANG_WARN_INFINITE_RECURSION = YES;
				CLANG_WARN_INT_CONVERSION = YES;
				CLANG_WARN_NON_LITERAL_NULL_CONVERSION = YES;
				CLANG_WARN_OBJC_LITERAL_CONVERSION = YES;
				CLANG_WARN_OBJC_ROOT_CLASS = YES_ERROR;
				CLANG_WARN_RANGE_LOOP_ANALYSIS = YES;
				CLANG_WARN_STRICT_PROTOTYPES = YES;
				CLANG_WARN_SUSPICIOUS_MOVE = YES;
				CLANG_WARN_UNGUARDED_AVAILABILITY = YES_AGGRESSIVE;
				CLANG_WARN_UNREACHABLE_CODE = YES;
				CLANG_WARN__DUPLICATE_METHOD_MATCH = YES;
				CODE_SIGN_IDENTITY = "iPhone Developer";
				COPY_PHASE_STRIP = NO;
				DEBUG_INFORMATION_FORMAT = "dwarf-with-dsym";
				ENABLE_NS_ASSERTIONS = NO;
				ENABLE_STRICT_OBJC_MSGSEND = YES;
				GCC_C_LANGUAGE_STANDARD = gnu11;
				GCC_NO_COMMON_BLOCKS = YES;
				GCC_WARN_64_TO_32_BIT_CONVERSION = YES;
				GCC_WARN_ABOUT_RETURN_TYPE = YES_ERROR;
				GCC_WARN_UNDECLARED_SELECTOR = YES;
				GCC_WARN_UNINITIALIZED_AUTOS = YES_AGGRESSIVE;
				GCC_WARN_UNUSED_FUNCTION = YES;
				GCC_WARN_UNUSED_VARIABLE = YES;
				IPHONEOS_DEPLOYMENT_TARGET = 8.0;
				MTL_ENABLE_DEBUG_INFO = NO;
				SDKROOT = iphoneos;
				SWIFT_OPTIMIZATION_LEVEL = "-Owholemodule";
				VALIDATE_PRODUCT = YES;
			};
			name = Release;
		};
		38D0BBF3203001A800CC893F /* Debug */ = {
			isa = XCBuildConfiguration;
			baseConfigurationReference = 9CC3B40D83D0E36ECC9730B7 /* Pods-CountryDemo.debug.xcconfig */;
			buildSettings = {
				ASSETCATALOG_COMPILER_APPICON_NAME = AppIcon;
				ASSETCATALOG_COMPILER_LAUNCHIMAGE_NAME = LaunchImage;
				CLANG_ENABLE_MODULES = YES;
				CODE_SIGN_STYLE = Automatic;
				DEVELOPMENT_TEAM = UYBXFWS2AB;
				INFOPLIST_FILE = "$(SRCROOT)/CountryDemo/Supporting Files/Info.plist";
				IPHONEOS_DEPLOYMENT_TARGET = 8.0;
				LD_RUNPATH_SEARCH_PATHS = "$(inherited) @executable_path/Frameworks";
				PRODUCT_BUNDLE_IDENTIFIER = oasis.lin.com.CountryDemo;
				PRODUCT_NAME = "$(TARGET_NAME)";
				SWIFT_OBJC_BRIDGING_HEADER = "CountryDemo/CountryDemo-Bridging-Header.h";
				SWIFT_OPTIMIZATION_LEVEL = "-Onone";
				SWIFT_VERSION = 4.0;
				TARGETED_DEVICE_FAMILY = "1,2";
			};
			name = Debug;
		};
		38D0BBF4203001A800CC893F /* Release */ = {
			isa = XCBuildConfiguration;
			baseConfigurationReference = 49F1F9AD73FDD9E8F4072376 /* Pods-CountryDemo.release.xcconfig */;
			buildSettings = {
				ASSETCATALOG_COMPILER_APPICON_NAME = AppIcon;
				ASSETCATALOG_COMPILER_LAUNCHIMAGE_NAME = LaunchImage;
				CLANG_ENABLE_MODULES = YES;
				CODE_SIGN_STYLE = Automatic;
				DEVELOPMENT_TEAM = UYBXFWS2AB;
				INFOPLIST_FILE = "$(SRCROOT)/CountryDemo/Supporting Files/Info.plist";
				IPHONEOS_DEPLOYMENT_TARGET = 8.0;
				LD_RUNPATH_SEARCH_PATHS = "$(inherited) @executable_path/Frameworks";
				PRODUCT_BUNDLE_IDENTIFIER = oasis.lin.com.CountryDemo;
				PRODUCT_NAME = "$(TARGET_NAME)";
				SWIFT_OBJC_BRIDGING_HEADER = "CountryDemo/CountryDemo-Bridging-Header.h";
				SWIFT_VERSION = 4.0;
				TARGETED_DEVICE_FAMILY = "1,2";
			};
			name = Release;
		};
/* End XCBuildConfiguration section */

/* Begin XCConfigurationList section */
		38D0BBDB203001A800CC893F /* Build configuration list for PBXProject "CountryDemo" */ = {
			isa = XCConfigurationList;
			buildConfigurations = (
				38D0BBF0203001A800CC893F /* Debug */,
				38D0BBF1203001A800CC893F /* Release */,
			);
			defaultConfigurationIsVisible = 0;
			defaultConfigurationName = Release;
		};
		38D0BBF2203001A800CC893F /* Build configuration list for PBXNativeTarget "CountryDemo" */ = {
			isa = XCConfigurationList;
			buildConfigurations = (
				38D0BBF3203001A800CC893F /* Debug */,
				38D0BBF4203001A800CC893F /* Release */,
			);
			defaultConfigurationIsVisible = 0;
			defaultConfigurationName = Release;
		};
/* End XCConfigurationList section */
	};
	rootObject = 38D0BBD8203001A800CC893F /* Project object */;
}
